// !$*UTF8*$!
{
	archiveVersion = 1;
	classes = {
	};
	objectVersion = 46;
	objects = {

/* Begin PBXBuildFile section */
		C28887EE1D76C7F60064FD8B /* AppDelegate.swift in Sources */ = {isa = PBXBuildFile; fileRef = C28887ED1D76C7F60064FD8B /* AppDelegate.swift */; };
		C28887F01D76C7F60064FD8B /* ViewController.swift in Sources */ = {isa = PBXBuildFile; fileRef = C28887EF1D76C7F60064FD8B /* ViewController.swift */; };
		C28887F31D76C7F60064FD8B /* Main.storyboard in Resources */ = {isa = PBXBuildFile; fileRef = C28887F11D76C7F60064FD8B /* Main.storyboard */; };
		C28887F51D76C7F60064FD8B /* Assets.xcassets in Resources */ = {isa = PBXBuildFile; fileRef = C28887F41D76C7F60064FD8B /* Assets.xcassets */; };
		C28887F81D76C7F60064FD8B /* LaunchScreen.storyboard in Resources */ = {isa = PBXBuildFile; fileRef = C28887F61D76C7F60064FD8B /* LaunchScreen.storyboard */; };
/* End PBXBuildFile section */

/* Begin PBXFileReference section */
		C28887EA1D76C7F60064FD8B /* SHLRefresh.app */ = {isa = PBXFileReference; explicitFileType = wrapper.application; includeInIndex = 0; path = SHLRefresh.app; sourceTree = BUILT_PRODUCTS_DIR; };
		C28887ED1D76C7F60064FD8B /* AppDelegate.swift */ = {isa = PBXFileReference; lastKnownFileType = sourcecode.swift; path = AppDelegate.swift; sourceTree = "<group>"; };
		C28887EF1D76C7F60064FD8B /* ViewController.swift */ = {isa = PBXFileReference; lastKnownFileType = sourcecode.swift; path = ViewController.swift; sourceTree = "<group>"; };
		C28887F21D76C7F60064FD8B /* Base */ = {isa = PBXFileReference; lastKnownFileType = file.storyboard; name = Base; path = Base.lproj/Main.storyboard; sourceTree = "<group>"; };
		C28887F41D76C7F60064FD8B /* Assets.xcassets */ = {isa = PBXFileReference; lastKnownFileType = folder.assetcatalog; path = Assets.xcassets; sourceTree = "<group>"; };
		C28887F71D76C7F60064FD8B /* Base */ = {isa = PBXFileReference; lastKnownFileType = file.storyboard; name = Base; path = Base.lproj/LaunchScreen.storyboard; sourceTree = "<group>"; };
		C28887F91D76C7F60064FD8B /* Info.plist */ = {isa = PBXFileReference; lastKnownFileType = text.plist.xml; path = Info.plist; sourceTree = "<group>"; };
/* End PBXFileReference section */

/* Begin PBXFrameworksBuildPhase section */
		C28887E71D76C7F60064FD8B /* Frameworks */ = {
			isa = PBXFrameworksBuildPhase;
			buildActionMask = 2147483647;
			files = (
			);
			runOnlyForDeploymentPostprocessing = 0;
		};
/* End PBXFrameworksBuildPhase section */

/* Begin PBXGroup section */
		C28887E11D76C7F60064FD8B = {
			isa = PBXGroup;
			children = (
				C28887EC1D76C7F60064FD8B /* SHLRefresh */,
				C28887EB1D76C7F60064FD8B /* Products */,
			);
			sourceTree = "<group>";
		};
		C28887EB1D76C7F60064FD8B /* Products */ = {
			isa = PBXGroup;
			children = (
				C28887EA1D76C7F60064FD8B /* SHLRefresh.app */,
			);
			name = Products;
			sourceTree = "<group>";
		};
		C28887EC1D76C7F60064FD8B /* SHLRefresh */ = {
			isa = PBXGroup;
			children = (
				C28887ED1D76C7F60064FD8B /* AppDelegate.swift */,
				C28887EF1D76C7F60064FD8B /* ViewController.swift */,
				C28887F11D76C7F60064FD8B /* Main.storyboard */,
				C28887F41D76C7F60064FD8B /* Assets.xcassets */,
				C28887F61D76C7F60064FD8B /* LaunchScreen.storyboard */,
				C28887F91D76C7F60064FD8B /* Info.plist */,
			);
			path = SHLRefresh;
			sourceTree = "<group>";
		};
/* End PBXGroup section */

/* Begin PBXNativeTarget section */
		C28887E91D76C7F60064FD8B /* SHLRefresh */ = {
			isa = PBXNativeTarget;
			buildConfigurationList = C28887FC1D76C7F60064FD8B /* Build configuration list for PBXNativeTarget "SHLRefresh" */;
			buildPhases = (
				C28887E61D76C7F60064FD8B /* Sources */,
				C28887E71D76C7F60064FD8B /* Frameworks */,
				C28887E81D76C7F60064FD8B /* Resources */,
			);
			buildRules = (
			);
			dependencies = (
			);
			name = SHLRefresh;
			productName = SHLRefresh;
			productReference = C28887EA1D76C7F60064FD8B /* SHLRefresh.app */;
			productType = "com.apple.product-type.application";
		};
/* End PBXNativeTarget section */

/* Begin PBXProject section */
		C28887E21D76C7F60064FD8B /* Project object */ = {
			isa = PBXProject;
			attributes = {
				LastSwiftUpdateCheck = 0800;
				LastUpgradeCheck = 0800;
				ORGANIZATIONNAME = shl;
				TargetAttributes = {
					C28887E91D76C7F60064FD8B = {
						CreatedOnToolsVersion = 8.0;
						DevelopmentTeam = 8A35X8K4X6;
						DevelopmentTeamName = "华良 宋 (Personal Team)";
						ProvisioningStyle = Automatic;
					};
				};
			};
			buildConfigurationList = C28887E51D76C7F60064FD8B /* Build configuration list for PBXProject "SHLRefresh" */;
			compatibilityVersion = "Xcode 3.2";
			developmentRegion = English;
			hasScannedForEncodings = 0;
			knownRegions = (
				en,
				Base,
			);
			mainGroup = C28887E11D76C7F60064FD8B;
			productRefGroup = C28887EB1D76C7F60064FD8B /* Products */;
			projectDirPath = "";
			projectRoot = "";
			targets = (
				C28887E91D76C7F60064FD8B /* SHLRefresh */,
			);
		};
/* End PBXProject section */

/* Begin PBXResourcesBuildPhase section */
		C28887E81D76C7F60064FD8B /* Resources */ = {
			isa = PBXResourcesBuildPhase;
			buildActionMask = 2147483647;
			files = (
				C28887F81D76C7F60064FD8B /* LaunchScreen.storyboard in Resources */,
				C28887F51D76C7F60064FD8B /* Assets.xcassets in Resources */,
				C28887F31D76C7F60064FD8B /* Main.storyboard in Resources */,
			);
			runOnlyForDeploymentPostprocessing = 0;
		};
/* End PBXResourcesBuildPhase section */

/* Begin PBXSourcesBuildPhase section */
		C28887E61D76C7F60064FD8B /* Sources */ = {
			isa = PBXSourcesBuildPhase;
			buildActionMask = 2147483647;
			files = (
				C28887F01D76C7F60064FD8B /* ViewController.swift in Sources */,
				C28887EE1D76C7F60064FD8B /* AppDelegate.swift in Sources */,
			);
			runOnlyForDeploymentPostprocessing = 0;
		};
/* End PBXSourcesBuildPhase section */

/* Begin PBXVariantGroup section */
		C28887F11D76C7F60064FD8B /* Main.storyboard */ = {
			isa = PBXVariantGroup;
			children = (
				C28887F21D76C7F60064FD8B /* Base */,
			);
			name = Main.storyboard;
			sourceTree = "<group>";
		};
		C28887F61D76C7F60064FD8B /* LaunchScreen.storyboard */ = {
			isa = PBXVariantGroup;
			children = (
				C28887F71D76C7F60064FD8B /* Base */,
			);
			name = LaunchScreen.storyboard;
			sourceTree = "<group>";
		};
/* End PBXVariantGroup section */

/* Begin XCBuildConfiguration section */
		C28887FA1D76C7F60064FD8B /* Debug */ = {
			isa = XCBuildConfiguration;
			buildSettings = {
				ALWAYS_SEARCH_USER_PATHS = NO;
				CLANG_ANALYZER_NONNULL = YES;
				CLANG_CXX_LANGUAGE_STANDARD = "gnu++0x";
				CLANG_CXX_LIBRARY = "libc++";
				CLANG_ENABLE_MODULES = YES;
				CLANG_ENABLE_OBJC_ARC = YES;
				CLANG_WARN_BOOL_CONVERSION = YES;
				CLANG_WARN_CONSTANT_CONVERSION = YES;
				CLANG_WARN_DIRECT_OBJC_ISA_USAGE = YES_ERROR;
				CLANG_WARN_DOCUMENTATION_COMMENTS = YES;
				CLANG_WARN_EMPTY_BODY = YES;
				CLANG_WARN_ENUM_CONVERSION = YES;
				CLANG_WARN_INT_CONVERSION = YES;
				CLANG_WARN_OBJC_ROOT_CLASS = YES_ERROR;
				CLANG_WARN_UNREACHABLE_CODE = YES;
				CLANG_WARN__DUPLICATE_METHOD_MATCH = YES;
				"CODE_SIGN_IDENTITY[sdk=iphoneos*]" = "iPhone Developer";
				COPY_PHASE_STRIP = NO;
				DEBUG_INFORMATION_FORMAT = dwarf;
				ENABLE_STRICT_OBJC_MSGSEND = YES;
				ENABLE_TESTABILITY = YES;
				GCC_C_LANGUAGE_STANDARD = gnu99;
				GCC_DYNAMIC_NO_PIC = NO;
				GCC_NO_COMMON_BLOCKS = YES;
				GCC_OPTIMIZATION_LEVEL = 0;
				GCC_PREPROCESSOR_DEFINITIONS = (
					"DEBUG=1",
					"$(inherited)",
				);
				GCC_WARN_64_TO_32_BIT_CONVERSION = YES;
				GCC_WARN_ABOUT_RETURN_TYPE = YES_ERROR;
				GCC_WARN_UNDECLARED_SELECTOR = YES;
				GCC_WARN_UNINITIALIZED_AUTOS = YES_AGGRESSIVE;
				GCC_WARN_UNUSED_FUNCTION = YES;
				GCC_WARN_UNUSED_VARIABLE = YES;
				IPHONEOS_DEPLOYMENT_TARGET = 10.0;
				MTL_ENABLE_DEBUG_INFO = YES;
				ONLY_ACTIVE_ARCH = YES;
				SDKROOT = iphoneos;
				SWIFT_ACTIVE_COMPILATION_CONDITIONS = DEBUG;
				SWIFT_OPTIMIZATION_LEVEL = "-Onone";
			};
			name = Debug;
		};
		C28887FB1D76C7F60064FD8B /* Release */ = {
			isa = XCBuildConfiguration;
			buildSettings = {
				ALWAYS_SEARCH_USER_PATHS = NO;
				CLANG_ANALYZER_NONNULL = YES;
				CLANG_CXX_LANGUAGE_STANDARD = "gnu++0x";
				CLANG_CXX_LIBRARY = "libc++";
				CLANG_ENABLE_MODULES = YES;
				CLANG_ENABLE_OBJC_ARC = YES;
				CLANG_WARN_BOOL_CONVERSION = YES;
				CLANG_WARN_CONSTANT_CONVERSION = YES;
				CLANG_WARN_DIRECT_OBJC_ISA_USAGE = YES_ERROR;
				CLANG_WARN_DOCUMENTATION_COMMENTS = YES;
				CLANG_WARN_EMPTY_BODY = YES;
				CLANG_WARN_ENUM_CONVERSION = YES;
				CLANG_WARN_INT_CONVERSION = YES;
				CLANG_WARN_OBJC_ROOT_CLASS = YES_ERROR;
				CLANG_WARN_UNREACHABLE_CODE = YES;
				CLANG_WARN__DUPLICATE_METHOD_MATCH = YES;
				"CODE_SIGN_IDENTITY[sdk=iphoneos*]" = "iPhone Developer";
				COPY_PHASE_STRIP = NO;
				DEBUG_INFORMATION_FORMAT = "dwarf-with-dsym";
				ENABLE_NS_ASSERTIONS = NO;
				ENABLE_STRICT_OBJC_MSGSEND = YES;
				GCC_C_LANGUAGE_STANDARD = gnu99;
				GCC_NO_COMMON_BLOCKS = YES;
				GCC_WARN_64_TO_32_BIT_CONVERSION = YES;
				GCC_WARN_ABOUT_RETURN_TYPE = YES_ERROR;
				GCC_WARN_UNDECLARED_SELECTOR = YES;
				GCC_WARN_UNINITIALIZED_AUTOS = YES_AGGRESSIVE;
				GCC_WARN_UNUSED_FUNCTION = YES;
				GCC_WARN_UNUSED_VARIABLE = YES;
				IPHONEOS_DEPLOYMENT_TARGET = 10.0;
				MTL_ENABLE_DEBUG_INFO = NO;
				SDKROOT = iphoneos;
				SWIFT_OPTIMIZATION_LEVEL = "-Owholemodule";
				VALIDATE_PRODUCT = YES;
			};
			name = Release;
		};
		C28887FD1D76C7F60064FD8B /* Debug */ = {
			isa = XCBuildConfiguration;
			buildSettings = {
				ASSETCATALOG_COMPILER_APPICON_NAME = AppIcon;
				INFOPLIST_FILE = SHLRefresh/Info.plist;
				LD_RUNPATH_SEARCH_PATHS = "$(inherited) @executable_path/Frameworks";
				PRODUCT_BUNDLE_IDENTIFIER = com.shl.SHLRefresh;
				PRODUCT_NAME = "$(TARGET_NAME)";
				SWIFT_VERSION = 3.0;
			};
			name = Debug;
		};
		C28887FE1D76C7F60064FD8B /* Release */ = {
			isa = XCBuildConfiguration;
			buildSettings = {
				ASSETCATALOG_COMPILER_APPICON_NAME = AppIcon;
				INFOPLIST_FILE = SHLRefresh/Info.plist;
				LD_RUNPATH_SEARCH_PATHS = "$(inherited) @executable_path/Frameworks";
				PRODUCT_BUNDLE_IDENTIFIER = com.shl.SHLRefresh;
				PRODUCT_NAME = "$(TARGET_NAME)";
				SWIFT_VERSION = 3.0;
			};
			name = Release;
		};
/* End XCBuildConfiguration section */

/* Begin XCConfigurationList section */
		C28887E51D76C7F60064FD8B /* Build configuration list for PBXProject "SHLRefresh" */ = {
			isa = XCConfigurationList;
			buildConfigurations = (
				C28887FA1D76C7F60064FD8B /* Debug */,
				C28887FB1D76C7F60064FD8B /* Release */,
			);
			defaultConfigurationIsVisible = 0;
			defaultConfigurationName = Release;
		};
		C28887FC1D76C7F60064FD8B /* Build configuration list for PBXNativeTarget "SHLRefresh" */ = {
			isa = XCConfigurationList;
			buildConfigurations = (
				C28887FD1D76C7F60064FD8B /* Debug */,
				C28887FE1D76C7F60064FD8B /* Release */,
			);
			defaultConfigurationIsVisible = 0;
		};
/* End XCConfigurationList section */
	};
	rootObject = C28887E21D76C7F60064FD8B /* Project object */;
}
